
Microsoft Visual Studio Solution File, Format Version 12.00
# Visual Studio 15
VisualStudioVersion = 15.0.27729.1
MinimumVisualStudioVersion = 10.0.40219.1
Project("{9A19103F-16F7-4668-BE54-9A1E7A4F7556}") = "Test", "Test\Test.csproj", "{A97AA96B-B915-4C3A-9A00-032D03D3AE2C}"
EndProject
Project("{9A19103F-16F7-4668-BE54-9A1E7A4F7556}") = "TooYoung.Web", "TooYoung.Web\TooYoung.Web.csproj", "{3BB183BB-9880-447F-8CAD-6849BD4F6B73}"
EndProject
Project("{2150E333-8FDC-42A3-9474-1A3956D46DE8}") = "Solution Items", "Solution Items", "{289E663C-D58F-4719-8410-97F3555B4FC6}"
	ProjectSection(SolutionItems) = preProject
		.dockerignore = .dockerignore
		.gitignore = .gitignore
		Dockerfile = Dockerfile
		Nuget.Config = Nuget.Config
		README.md = README.md
	EndProjectSection
EndProject
Project("{9A19103F-16F7-4668-BE54-9A1E7A4F7556}") = "TooYoung.Core", "TooYoung.Core\TooYoung.Core.csproj", "{0C10E8D9-E156-4918-9ED8-74496260BD01}"
EndProject
Project("{9A19103F-16F7-4668-BE54-9A1E7A4F7556}") = "TooYoung.Provider.MongoDB", "TooYoung.Provider.MongoDB\TooYoung.Provider.MongoDB.csproj", "{70E57573-1A30-45F2-A4A7-612A3F3F4D75}"
EndProject
Project("{F2A71F9B-5D33-465A-A702-920D77279786}") = "TooYoung.Domain", "TooYoung.Domain\TooYoung.Domain.fsproj", "{4CF56A56-86A9-4C9C-9C77-774ADB29EE17}"
EndProject
Global
	GlobalSection(SolutionConfigurationPlatforms) = preSolution
		Debug|Any CPU = Debug|Any CPU
		Release|Any CPU = Release|Any CPU
	EndGlobalSection
	GlobalSection(ProjectConfigurationPlatforms) = postSolution
		{A97AA96B-B915-4C3A-9A00-032D03D3AE2C}.Debug|Any CPU.ActiveCfg = Debug|Any CPU
		{A97AA96B-B915-4C3A-9A00-032D03D3AE2C}.Debug|Any CPU.Build.0 = Debug|Any CPU
		{A97AA96B-B915-4C3A-9A00-032D03D3AE2C}.Release|Any CPU.ActiveCfg = Release|Any CPU
		{A97AA96B-B915-4C3A-9A00-032D03D3AE2C}.Release|Any CPU.Build.0 = Release|Any CPU
		{3BB183BB-9880-447F-8CAD-6849BD4F6B73}.Debug|Any CPU.ActiveCfg = Debug|Any CPU
		{3BB183BB-9880-447F-8CAD-6849BD4F6B73}.Debug|Any CPU.Build.0 = Debug|Any CPU
		{3BB183BB-9880-447F-8CAD-6849BD4F6B73}.Release|Any CPU.ActiveCfg = Release|Any CPU
		{3BB183BB-9880-447F-8CAD-6849BD4F6B73}.Release|Any CPU.Build.0 = Release|Any CPU
		{0C10E8D9-E156-4918-9ED8-74496260BD01}.Debug|Any CPU.ActiveCfg = Debug|Any CPU
		{0C10E8D9-E156-4918-9ED8-74496260BD01}.Debug|Any CPU.Build.0 = Debug|Any CPU
		{0C10E8D9-E156-4918-9ED8-74496260BD01}.Release|Any CPU.ActiveCfg = Release|Any CPU
		{0C10E8D9-E156-4918-9ED8-74496260BD01}.Release|Any CPU.Build.0 = Release|Any CPU
		{70E57573-1A30-45F2-A4A7-612A3F3F4D75}.Debug|Any CPU.ActiveCfg = Debug|Any CPU
		{70E57573-1A30-45F2-A4A7-612A3F3F4D75}.Debug|Any CPU.Build.0 = Debug|Any CPU
		{70E57573-1A30-45F2-A4A7-612A3F3F4D75}.Release|Any CPU.ActiveCfg = Release|Any CPU
		{70E57573-1A30-45F2-A4A7-612A3F3F4D75}.Release|Any CPU.Build.0 = Release|Any CPU
		{4CF56A56-86A9-4C9C-9C77-774ADB29EE17}.Debug|Any CPU.ActiveCfg = Debug|Any CPU
		{4CF56A56-86A9-4C9C-9C77-774ADB29EE17}.Debug|Any CPU.Build.0 = Debug|Any CPU
		{4CF56A56-86A9-4C9C-9C77-774ADB29EE17}.Release|Any CPU.ActiveCfg = Release|Any CPU
		{4CF56A56-86A9-4C9C-9C77-774ADB29EE17}.Release|Any CPU.Build.0 = Release|Any CPU
	EndGlobalSection
	GlobalSection(SolutionProperties) = preSolution
		HideSolutionNode = FALSE
	EndGlobalSection
	GlobalSection(ExtensibilityGlobals) = postSolution
		SolutionGuid = {97957A74-235F-4675-B38D-7DF2C4D2FE27}
	EndGlobalSection
EndGlobal
