
Microsoft Visual Studio Solution File, Format Version 12.00
# Visual Studio 15
VisualStudioVersion = 15.0.26124.0
MinimumVisualStudioVersion = 15.0.26124.0
Project("{FAE04EC0-301F-11D3-BF4B-00C04F79EFBC}") = "TooYoung.Core", "src\TooYoung.Core\TooYoung.Core.csproj", "{3C8CE204-A493-454A-941B-1BAF447A9CDC}"
EndProject
Project("{2150E333-8FDC-42A3-9474-1A3956D46DE8}") = "src", "src", "{E9F76A7C-ADDF-44B3-A478-662FB3980D55}"
EndProject
Project("{F2A71F9B-5D33-465A-A702-920D77279786}") = "TooYoung.Domain", "src\TooYoung.Domain\TooYoung.Domain.fsproj", "{54DA7A06-CAFA-4279-A390-755A2F8A9A8C}"
EndProject
Project("{FAE04EC0-301F-11D3-BF4B-00C04F79EFBC}") = "TooYoung.Provider.MongoDB", "src\TooYoung.Provider.MongoDB\TooYoung.Provider.MongoDB.csproj", "{4D13C079-B2D5-455A-93BF-3B18025E9FBF}"
EndProject
Project("{FAE04EC0-301F-11D3-BF4B-00C04F79EFBC}") = "TooYoung.Web", "src\TooYoung.Web\TooYoung.Web.csproj", "{949D1CE3-9F8F-4830-B3A9-7CC789B492F3}"
EndProject
Project("{2150E333-8FDC-42A3-9474-1A3956D46DE8}") = "test", "test", "{C7D8C04E-4334-47DC-9F81-4A915A9DF9C4}"
EndProject
Project("{FAE04EC0-301F-11D3-BF4B-00C04F79EFBC}") = "Test", "test\CsTest\Test.csproj", "{98D269D8-AC85-49BC-9B0F-BA29B3683C45}"
EndProject
Project("{F2A71F9B-5D33-465A-A702-920D77279786}") = "FsTest", "test\FsTest\FsTest.fsproj", "{054A98CF-29D4-470A-9481-962121A0BC54}"
EndProject
Project("{F2A71F9B-5D33-465A-A702-920D77279786}") = "TooYoung.Provider.Mongo", "src\TooYoung.Provider.Mongo\TooYoung.Provider.Mongo.fsproj", "{57250D52-C184-40C6-B55A-7DA7CC91B6D4}"
EndProject
Project("{2150E333-8FDC-42A3-9474-1A3956D46DE8}") = "Solution Items", "Solution Items", "{F7884561-11B0-4E51-8522-F3E68983A414}"
ProjectSection(SolutionItems) = preProject
	Dockerfile = Dockerfile
	.gitlab-ci.yml = .gitlab-ci.yml
	.dockerignore = .dockerignore
	.gitignore = .gitignore
	Nuget.Config = Nuget.Config
	README.adoc = README.adoc
EndProjectSection
EndProject
Project("{F2A71F9B-5D33-465A-A702-920D77279786}") = "TooYoung.Api", "src\TooYoung.Api\TooYoung.Api.fsproj", "{D961F458-A6A9-42E4-AFDB-6A89ABAFC89F}"
EndProject
Project("{F2A71F9B-5D33-465A-A702-920D77279786}") = "WebCommon", "src\WebCommon\WebCommon.fsproj", "{EC25DC8D-EAAB-4638-81B0-3DBAB714B11D}"
EndProject
Project("{2150E333-8FDC-42A3-9474-1A3956D46DE8}") = "docs", "docs", "{82CD87C8-3B00-4D8B-8FB5-7E7BA05385B8}"
ProjectSection(SolutionItems) = preProject
	docs\paket.dependencies = docs\paket.dependencies
	docs\api-gen.fsx = docs\api-gen.fsx
	docs\api-gen-utils.fsx = docs\api-gen-utils.fsx
	docs\.gitignore = docs\.gitignore
	docs\test.adoc = docs\test.adoc
	docs\Api-demo.adoc = docs\Api-demo.adoc
EndProjectSection
EndProject
Global
	GlobalSection(SolutionConfigurationPlatforms) = preSolution
		Debug|Any CPU = Debug|Any CPU
		Debug|x64 = Debug|x64
		Debug|x86 = Debug|x86
		Release|Any CPU = Release|Any CPU
		Release|x64 = Release|x64
		Release|x86 = Release|x86
	EndGlobalSection
	GlobalSection(SolutionProperties) = preSolution
		HideSolutionNode = FALSE
	EndGlobalSection
	GlobalSection(ProjectConfigurationPlatforms) = postSolution
		{3C8CE204-A493-454A-941B-1BAF447A9CDC}.Debug|Any CPU.ActiveCfg = Debug|Any CPU
		{3C8CE204-A493-454A-941B-1BAF447A9CDC}.Debug|Any CPU.Build.0 = Debug|Any CPU
		{3C8CE204-A493-454A-941B-1BAF447A9CDC}.Debug|x64.ActiveCfg = Debug|Any CPU
		{3C8CE204-A493-454A-941B-1BAF447A9CDC}.Debug|x64.Build.0 = Debug|Any CPU
		{3C8CE204-A493-454A-941B-1BAF447A9CDC}.Debug|x86.ActiveCfg = Debug|Any CPU
		{3C8CE204-A493-454A-941B-1BAF447A9CDC}.Debug|x86.Build.0 = Debug|Any CPU
		{3C8CE204-A493-454A-941B-1BAF447A9CDC}.Release|Any CPU.ActiveCfg = Release|Any CPU
		{3C8CE204-A493-454A-941B-1BAF447A9CDC}.Release|Any CPU.Build.0 = Release|Any CPU
		{3C8CE204-A493-454A-941B-1BAF447A9CDC}.Release|x64.ActiveCfg = Release|Any CPU
		{3C8CE204-A493-454A-941B-1BAF447A9CDC}.Release|x64.Build.0 = Release|Any CPU
		{3C8CE204-A493-454A-941B-1BAF447A9CDC}.Release|x86.ActiveCfg = Release|Any CPU
		{3C8CE204-A493-454A-941B-1BAF447A9CDC}.Release|x86.Build.0 = Release|Any CPU
		{54DA7A06-CAFA-4279-A390-755A2F8A9A8C}.Debug|Any CPU.ActiveCfg = Debug|Any CPU
		{54DA7A06-CAFA-4279-A390-755A2F8A9A8C}.Debug|Any CPU.Build.0 = Debug|Any CPU
		{54DA7A06-CAFA-4279-A390-755A2F8A9A8C}.Debug|x64.ActiveCfg = Debug|Any CPU
		{54DA7A06-CAFA-4279-A390-755A2F8A9A8C}.Debug|x64.Build.0 = Debug|Any CPU
		{54DA7A06-CAFA-4279-A390-755A2F8A9A8C}.Debug|x86.ActiveCfg = Debug|Any CPU
		{54DA7A06-CAFA-4279-A390-755A2F8A9A8C}.Debug|x86.Build.0 = Debug|Any CPU
		{54DA7A06-CAFA-4279-A390-755A2F8A9A8C}.Release|Any CPU.ActiveCfg = Release|Any CPU
		{54DA7A06-CAFA-4279-A390-755A2F8A9A8C}.Release|Any CPU.Build.0 = Release|Any CPU
		{54DA7A06-CAFA-4279-A390-755A2F8A9A8C}.Release|x64.ActiveCfg = Release|Any CPU
		{54DA7A06-CAFA-4279-A390-755A2F8A9A8C}.Release|x64.Build.0 = Release|Any CPU
		{54DA7A06-CAFA-4279-A390-755A2F8A9A8C}.Release|x86.ActiveCfg = Release|Any CPU
		{54DA7A06-CAFA-4279-A390-755A2F8A9A8C}.Release|x86.Build.0 = Release|Any CPU
		{4D13C079-B2D5-455A-93BF-3B18025E9FBF}.Debug|Any CPU.ActiveCfg = Debug|Any CPU
		{4D13C079-B2D5-455A-93BF-3B18025E9FBF}.Debug|Any CPU.Build.0 = Debug|Any CPU
		{4D13C079-B2D5-455A-93BF-3B18025E9FBF}.Debug|x64.ActiveCfg = Debug|Any CPU
		{4D13C079-B2D5-455A-93BF-3B18025E9FBF}.Debug|x64.Build.0 = Debug|Any CPU
		{4D13C079-B2D5-455A-93BF-3B18025E9FBF}.Debug|x86.ActiveCfg = Debug|Any CPU
		{4D13C079-B2D5-455A-93BF-3B18025E9FBF}.Debug|x86.Build.0 = Debug|Any CPU
		{4D13C079-B2D5-455A-93BF-3B18025E9FBF}.Release|Any CPU.ActiveCfg = Release|Any CPU
		{4D13C079-B2D5-455A-93BF-3B18025E9FBF}.Release|Any CPU.Build.0 = Release|Any CPU
		{4D13C079-B2D5-455A-93BF-3B18025E9FBF}.Release|x64.ActiveCfg = Release|Any CPU
		{4D13C079-B2D5-455A-93BF-3B18025E9FBF}.Release|x64.Build.0 = Release|Any CPU
		{4D13C079-B2D5-455A-93BF-3B18025E9FBF}.Release|x86.ActiveCfg = Release|Any CPU
		{4D13C079-B2D5-455A-93BF-3B18025E9FBF}.Release|x86.Build.0 = Release|Any CPU
		{949D1CE3-9F8F-4830-B3A9-7CC789B492F3}.Debug|Any CPU.ActiveCfg = Debug|Any CPU
		{949D1CE3-9F8F-4830-B3A9-7CC789B492F3}.Debug|Any CPU.Build.0 = Debug|Any CPU
		{949D1CE3-9F8F-4830-B3A9-7CC789B492F3}.Debug|x64.ActiveCfg = Debug|Any CPU
		{949D1CE3-9F8F-4830-B3A9-7CC789B492F3}.Debug|x64.Build.0 = Debug|Any CPU
		{949D1CE3-9F8F-4830-B3A9-7CC789B492F3}.Debug|x86.ActiveCfg = Debug|Any CPU
		{949D1CE3-9F8F-4830-B3A9-7CC789B492F3}.Debug|x86.Build.0 = Debug|Any CPU
		{949D1CE3-9F8F-4830-B3A9-7CC789B492F3}.Release|Any CPU.ActiveCfg = Release|Any CPU
		{949D1CE3-9F8F-4830-B3A9-7CC789B492F3}.Release|Any CPU.Build.0 = Release|Any CPU
		{949D1CE3-9F8F-4830-B3A9-7CC789B492F3}.Release|x64.ActiveCfg = Release|Any CPU
		{949D1CE3-9F8F-4830-B3A9-7CC789B492F3}.Release|x64.Build.0 = Release|Any CPU
		{949D1CE3-9F8F-4830-B3A9-7CC789B492F3}.Release|x86.ActiveCfg = Release|Any CPU
		{949D1CE3-9F8F-4830-B3A9-7CC789B492F3}.Release|x86.Build.0 = Release|Any CPU
		{98D269D8-AC85-49BC-9B0F-BA29B3683C45}.Debug|Any CPU.ActiveCfg = Debug|Any CPU
		{98D269D8-AC85-49BC-9B0F-BA29B3683C45}.Debug|Any CPU.Build.0 = Debug|Any CPU
		{98D269D8-AC85-49BC-9B0F-BA29B3683C45}.Debug|x64.ActiveCfg = Debug|Any CPU
		{98D269D8-AC85-49BC-9B0F-BA29B3683C45}.Debug|x64.Build.0 = Debug|Any CPU
		{98D269D8-AC85-49BC-9B0F-BA29B3683C45}.Debug|x86.ActiveCfg = Debug|Any CPU
		{98D269D8-AC85-49BC-9B0F-BA29B3683C45}.Debug|x86.Build.0 = Debug|Any CPU
		{98D269D8-AC85-49BC-9B0F-BA29B3683C45}.Release|Any CPU.ActiveCfg = Release|Any CPU
		{98D269D8-AC85-49BC-9B0F-BA29B3683C45}.Release|Any CPU.Build.0 = Release|Any CPU
		{98D269D8-AC85-49BC-9B0F-BA29B3683C45}.Release|x64.ActiveCfg = Release|Any CPU
		{98D269D8-AC85-49BC-9B0F-BA29B3683C45}.Release|x64.Build.0 = Release|Any CPU
		{98D269D8-AC85-49BC-9B0F-BA29B3683C45}.Release|x86.ActiveCfg = Release|Any CPU
		{98D269D8-AC85-49BC-9B0F-BA29B3683C45}.Release|x86.Build.0 = Release|Any CPU
		{054A98CF-29D4-470A-9481-962121A0BC54}.Debug|Any CPU.ActiveCfg = Debug|Any CPU
		{054A98CF-29D4-470A-9481-962121A0BC54}.Debug|Any CPU.Build.0 = Debug|Any CPU
		{054A98CF-29D4-470A-9481-962121A0BC54}.Debug|x64.ActiveCfg = Debug|Any CPU
		{054A98CF-29D4-470A-9481-962121A0BC54}.Debug|x64.Build.0 = Debug|Any CPU
		{054A98CF-29D4-470A-9481-962121A0BC54}.Debug|x86.ActiveCfg = Debug|Any CPU
		{054A98CF-29D4-470A-9481-962121A0BC54}.Debug|x86.Build.0 = Debug|Any CPU
		{054A98CF-29D4-470A-9481-962121A0BC54}.Release|Any CPU.ActiveCfg = Release|Any CPU
		{054A98CF-29D4-470A-9481-962121A0BC54}.Release|Any CPU.Build.0 = Release|Any CPU
		{054A98CF-29D4-470A-9481-962121A0BC54}.Release|x64.ActiveCfg = Release|Any CPU
		{054A98CF-29D4-470A-9481-962121A0BC54}.Release|x64.Build.0 = Release|Any CPU
		{054A98CF-29D4-470A-9481-962121A0BC54}.Release|x86.ActiveCfg = Release|Any CPU
		{054A98CF-29D4-470A-9481-962121A0BC54}.Release|x86.Build.0 = Release|Any CPU
		{57250D52-C184-40C6-B55A-7DA7CC91B6D4}.Debug|Any CPU.ActiveCfg = Debug|Any CPU
		{57250D52-C184-40C6-B55A-7DA7CC91B6D4}.Debug|Any CPU.Build.0 = Debug|Any CPU
		{57250D52-C184-40C6-B55A-7DA7CC91B6D4}.Debug|x64.ActiveCfg = Debug|Any CPU
		{57250D52-C184-40C6-B55A-7DA7CC91B6D4}.Debug|x64.Build.0 = Debug|Any CPU
		{57250D52-C184-40C6-B55A-7DA7CC91B6D4}.Debug|x86.ActiveCfg = Debug|Any CPU
		{57250D52-C184-40C6-B55A-7DA7CC91B6D4}.Debug|x86.Build.0 = Debug|Any CPU
		{57250D52-C184-40C6-B55A-7DA7CC91B6D4}.Release|Any CPU.ActiveCfg = Release|Any CPU
		{57250D52-C184-40C6-B55A-7DA7CC91B6D4}.Release|Any CPU.Build.0 = Release|Any CPU
		{57250D52-C184-40C6-B55A-7DA7CC91B6D4}.Release|x64.ActiveCfg = Release|Any CPU
		{57250D52-C184-40C6-B55A-7DA7CC91B6D4}.Release|x64.Build.0 = Release|Any CPU
		{57250D52-C184-40C6-B55A-7DA7CC91B6D4}.Release|x86.ActiveCfg = Release|Any CPU
		{57250D52-C184-40C6-B55A-7DA7CC91B6D4}.Release|x86.Build.0 = Release|Any CPU
		{D961F458-A6A9-42E4-AFDB-6A89ABAFC89F}.Debug|Any CPU.ActiveCfg = Debug|Any CPU
		{D961F458-A6A9-42E4-AFDB-6A89ABAFC89F}.Debug|Any CPU.Build.0 = Debug|Any CPU
		{D961F458-A6A9-42E4-AFDB-6A89ABAFC89F}.Debug|x64.ActiveCfg = Debug|Any CPU
		{D961F458-A6A9-42E4-AFDB-6A89ABAFC89F}.Debug|x64.Build.0 = Debug|Any CPU
		{D961F458-A6A9-42E4-AFDB-6A89ABAFC89F}.Debug|x86.ActiveCfg = Debug|Any CPU
		{D961F458-A6A9-42E4-AFDB-6A89ABAFC89F}.Debug|x86.Build.0 = Debug|Any CPU
		{D961F458-A6A9-42E4-AFDB-6A89ABAFC89F}.Release|Any CPU.ActiveCfg = Release|Any CPU
		{D961F458-A6A9-42E4-AFDB-6A89ABAFC89F}.Release|Any CPU.Build.0 = Release|Any CPU
		{D961F458-A6A9-42E4-AFDB-6A89ABAFC89F}.Release|x64.ActiveCfg = Release|Any CPU
		{D961F458-A6A9-42E4-AFDB-6A89ABAFC89F}.Release|x64.Build.0 = Release|Any CPU
		{D961F458-A6A9-42E4-AFDB-6A89ABAFC89F}.Release|x86.ActiveCfg = Release|Any CPU
		{D961F458-A6A9-42E4-AFDB-6A89ABAFC89F}.Release|x86.Build.0 = Release|Any CPU
		{EC25DC8D-EAAB-4638-81B0-3DBAB714B11D}.Debug|Any CPU.ActiveCfg = Debug|Any CPU
		{EC25DC8D-EAAB-4638-81B0-3DBAB714B11D}.Debug|Any CPU.Build.0 = Debug|Any CPU
		{EC25DC8D-EAAB-4638-81B0-3DBAB714B11D}.Debug|x64.ActiveCfg = Debug|Any CPU
		{EC25DC8D-EAAB-4638-81B0-3DBAB714B11D}.Debug|x64.Build.0 = Debug|Any CPU
		{EC25DC8D-EAAB-4638-81B0-3DBAB714B11D}.Debug|x86.ActiveCfg = Debug|Any CPU
		{EC25DC8D-EAAB-4638-81B0-3DBAB714B11D}.Debug|x86.Build.0 = Debug|Any CPU
		{EC25DC8D-EAAB-4638-81B0-3DBAB714B11D}.Release|Any CPU.ActiveCfg = Release|Any CPU
		{EC25DC8D-EAAB-4638-81B0-3DBAB714B11D}.Release|Any CPU.Build.0 = Release|Any CPU
		{EC25DC8D-EAAB-4638-81B0-3DBAB714B11D}.Release|x64.ActiveCfg = Release|Any CPU
		{EC25DC8D-EAAB-4638-81B0-3DBAB714B11D}.Release|x64.Build.0 = Release|Any CPU
		{EC25DC8D-EAAB-4638-81B0-3DBAB714B11D}.Release|x86.ActiveCfg = Release|Any CPU
		{EC25DC8D-EAAB-4638-81B0-3DBAB714B11D}.Release|x86.Build.0 = Release|Any CPU
	EndGlobalSection
	GlobalSection(NestedProjects) = preSolution
		{3C8CE204-A493-454A-941B-1BAF447A9CDC} = {E9F76A7C-ADDF-44B3-A478-662FB3980D55}
		{54DA7A06-CAFA-4279-A390-755A2F8A9A8C} = {E9F76A7C-ADDF-44B3-A478-662FB3980D55}
		{4D13C079-B2D5-455A-93BF-3B18025E9FBF} = {E9F76A7C-ADDF-44B3-A478-662FB3980D55}
		{949D1CE3-9F8F-4830-B3A9-7CC789B492F3} = {E9F76A7C-ADDF-44B3-A478-662FB3980D55}
		{98D269D8-AC85-49BC-9B0F-BA29B3683C45} = {C7D8C04E-4334-47DC-9F81-4A915A9DF9C4}
		{054A98CF-29D4-470A-9481-962121A0BC54} = {C7D8C04E-4334-47DC-9F81-4A915A9DF9C4}
		{57250D52-C184-40C6-B55A-7DA7CC91B6D4} = {E9F76A7C-ADDF-44B3-A478-662FB3980D55}
		{D961F458-A6A9-42E4-AFDB-6A89ABAFC89F} = {E9F76A7C-ADDF-44B3-A478-662FB3980D55}
		{EC25DC8D-EAAB-4638-81B0-3DBAB714B11D} = {E9F76A7C-ADDF-44B3-A478-662FB3980D55}
	EndGlobalSection
EndGlobal
